# This file is automatically @generated by Cargo.
# It is not intended for manual editing.
version = 3

[[package]]
name = "anyhow"
version = "1.0.52"
source = "registry+https://github.com/rust-lang/crates.io-index"
checksum = "84450d0b4a8bd1ba4144ce8ce718fbc5d071358b1e5384bace6536b3d1f2d5b3"

[[package]]
name = "opentype"
version = "0.19.0"
source = "registry+https://github.com/rust-lang/crates.io-index"
checksum = "4f10809aa651a9c3db1a084239029958fbbedc178eca240b432b8a85fd605a2b"
dependencies = [
 "postscript",
 "truetype",
]

[[package]]
name = "postscript"
version = "0.14.0"
source = "registry+https://github.com/rust-lang/crates.io-index"
checksum = "ac1825c05c4f9e2f781202d1a02fff5e5f722bbafca542d818364e1b1ea22575"

[[package]]
name = "rrhtml"
version = "0.1.0"
dependencies = [
 "anyhow",
 "opentype",
]

[[package]]
name = "truetype"
version = "0.30.1"
source = "registry+https://github.com/rust-lang/crates.io-index"
checksum = "063aa7cf1a7e56677e639c8f180a84d30b8fd788a684cfee2460418629925730"
